
Microsoft Visual Studio Solution File, Format Version 10.00
# Visual Studio 2008
Project("{FAE04EC0-301F-11D3-BF4B-00C04F79EFBC}") = "libDatabaseHelper", "libDatabaseHelper\libDatabaseHelper.csproj", "{B8720AED-93F8-4179-AFBF-F30DEC4233FA}"
EndProject
Project("{FAE04EC0-301F-11D3-BF4B-00C04F79EFBC}") = "DatabaseEntityFormGenerator", "DatabaseEntityFormGenerator\DatabaseEntityFormGenerator.csproj", "{02823CC7-B5AF-4BB5-AFF7-970380DDA1A8}"
EndProject
Project("{FAE04EC0-301F-11D3-BF4B-00C04F79EFBC}") = "libDatabaseHelperUnitTests", "libDatabaseHelperUnitTests\libDatabaseHelperUnitTests.csproj", "{64F3ED1B-6DC6-41AA-A975-E4E07E7659DC}"
EndProject
Project("{2150E333-8FDC-42A3-9474-1A3956D46DE8}") = "Solution Items", "Solution Items", "{BD306C58-0B91-4FA6-AA16-4386B9C30D6E}"
	ProjectSection(SolutionItems) = preProject
		libDatabaseHelper.vsmdi = libDatabaseHelper.vsmdi
		LocalTestRun.testrunconfig = LocalTestRun.testrunconfig
	EndProjectSection
EndProject
Global
	GlobalSection(TestCaseManagementSettings) = postSolution
		CategoryFile = libDatabaseHelper.vsmdi
	EndGlobalSection
	GlobalSection(SolutionConfigurationPlatforms) = preSolution
		Debug|Any CPU = Debug|Any CPU
		Debug|x64 = Debug|x64
		Debug|x86 = Debug|x86
		Release|Any CPU = Release|Any CPU
		Release|x64 = Release|x64
		Release|x86 = Release|x86
	EndGlobalSection
	GlobalSection(ProjectConfigurationPlatforms) = postSolution
		{B8720AED-93F8-4179-AFBF-F30DEC4233FA}.Debug|Any CPU.ActiveCfg = Debug|Any CPU
		{B8720AED-93F8-4179-AFBF-F30DEC4233FA}.Debug|Any CPU.Build.0 = Debug|Any CPU
		{B8720AED-93F8-4179-AFBF-F30DEC4233FA}.Debug|x64.ActiveCfg = Debug|x64
		{B8720AED-93F8-4179-AFBF-F30DEC4233FA}.Debug|x64.Build.0 = Debug|x64
		{B8720AED-93F8-4179-AFBF-F30DEC4233FA}.Debug|x86.ActiveCfg = Debug|x86
		{B8720AED-93F8-4179-AFBF-F30DEC4233FA}.Debug|x86.Build.0 = Debug|x86
		{B8720AED-93F8-4179-AFBF-F30DEC4233FA}.Release|Any CPU.ActiveCfg = Release|Any CPU
		{B8720AED-93F8-4179-AFBF-F30DEC4233FA}.Release|Any CPU.Build.0 = Release|Any CPU
		{B8720AED-93F8-4179-AFBF-F30DEC4233FA}.Release|x64.ActiveCfg = Release|x64
		{B8720AED-93F8-4179-AFBF-F30DEC4233FA}.Release|x64.Build.0 = Release|x64
		{B8720AED-93F8-4179-AFBF-F30DEC4233FA}.Release|x86.ActiveCfg = Release|x86
		{B8720AED-93F8-4179-AFBF-F30DEC4233FA}.Release|x86.Build.0 = Release|x86
		{02823CC7-B5AF-4BB5-AFF7-970380DDA1A8}.Debug|Any CPU.ActiveCfg = Debug|Any CPU
		{02823CC7-B5AF-4BB5-AFF7-970380DDA1A8}.Debug|Any CPU.Build.0 = Debug|Any CPU
		{02823CC7-B5AF-4BB5-AFF7-970380DDA1A8}.Debug|x64.ActiveCfg = Debug|x64
		{02823CC7-B5AF-4BB5-AFF7-970380DDA1A8}.Debug|x64.Build.0 = Debug|x64
		{02823CC7-B5AF-4BB5-AFF7-970380DDA1A8}.Debug|x86.ActiveCfg = Debug|x86
		{02823CC7-B5AF-4BB5-AFF7-970380DDA1A8}.Debug|x86.Build.0 = Debug|x86
		{02823CC7-B5AF-4BB5-AFF7-970380DDA1A8}.Release|Any CPU.ActiveCfg = Release|Any CPU
		{02823CC7-B5AF-4BB5-AFF7-970380DDA1A8}.Release|Any CPU.Build.0 = Release|Any CPU
		{02823CC7-B5AF-4BB5-AFF7-970380DDA1A8}.Release|x64.ActiveCfg = Release|x64
		{02823CC7-B5AF-4BB5-AFF7-970380DDA1A8}.Release|x64.Build.0 = Release|x64
		{02823CC7-B5AF-4BB5-AFF7-970380DDA1A8}.Release|x86.ActiveCfg = Release|x86
		{02823CC7-B5AF-4BB5-AFF7-970380DDA1A8}.Release|x86.Build.0 = Release|x86
		{64F3ED1B-6DC6-41AA-A975-E4E07E7659DC}.Debug|Any CPU.ActiveCfg = Debug|Any CPU
		{64F3ED1B-6DC6-41AA-A975-E4E07E7659DC}.Debug|Any CPU.Build.0 = Debug|Any CPU
		{64F3ED1B-6DC6-41AA-A975-E4E07E7659DC}.Debug|x64.ActiveCfg = Debug|x64
		{64F3ED1B-6DC6-41AA-A975-E4E07E7659DC}.Debug|x64.Build.0 = Debug|x64
		{64F3ED1B-6DC6-41AA-A975-E4E07E7659DC}.Debug|x86.ActiveCfg = Debug|x86
		{64F3ED1B-6DC6-41AA-A975-E4E07E7659DC}.Debug|x86.Build.0 = Debug|x86
		{64F3ED1B-6DC6-41AA-A975-E4E07E7659DC}.Release|Any CPU.ActiveCfg = Release|Any CPU
		{64F3ED1B-6DC6-41AA-A975-E4E07E7659DC}.Release|Any CPU.Build.0 = Release|Any CPU
		{64F3ED1B-6DC6-41AA-A975-E4E07E7659DC}.Release|x64.ActiveCfg = Release|x64
		{64F3ED1B-6DC6-41AA-A975-E4E07E7659DC}.Release|x64.Build.0 = Release|x64
		{64F3ED1B-6DC6-41AA-A975-E4E07E7659DC}.Release|x86.ActiveCfg = Release|x86
		{64F3ED1B-6DC6-41AA-A975-E4E07E7659DC}.Release|x86.Build.0 = Release|x86
	EndGlobalSection
	GlobalSection(SolutionProperties) = preSolution
		HideSolutionNode = FALSE
	EndGlobalSection
EndGlobal
